uuid: 849287a8-ccbb-4c5e-8464-c0f694c0cce6
langcode: en
status: true
dependencies:
  module:
    - layout_paragraphs
_core:
  default_config_hash: hSup62OW-6glALkcPyijfub_HXz0FNzEQuWRhyhtdXk
id: ept_block
label: 'EPT Block'
icon_uuid: null
icon_default: null
description: 'Extra Paragraph Type (EPT): Block'
behavior_plugins:
  layout_paragraphs:
    enabled: false
    available_layouts: {  }
